
Microsoft Visual Studio Solution File, Format Version 12.00
# Visual Studio 15
VisualStudioVersion = 15.0.28010.2046
MinimumVisualStudioVersion = 10.0.40219.1
Project("{9A19103F-16F7-4668-BE54-9A1E7A4F7556}") = "ConfigService", "ConfigService\ConfigService.csproj", "{3408A4A2-CC4F-4580-878D-CFE67BCA5539}"
EndProject
Project("{2150E333-8FDC-42A3-9474-1A3956D46DE8}") = "Solution Items", "Solution Items", "{C9361BA8-0132-4201-AF0B-A4006B199FBB}"
	ProjectSection(SolutionItems) = preProject
		.travis.yml = .travis.yml
		Dockerfile = Dockerfile
	EndProjectSection
EndProject
Global
	GlobalSection(SolutionConfigurationPlatforms) = preSolution
		Debug|Any CPU = Debug|Any CPU
		Release|Any CPU = Release|Any CPU
	EndGlobalSection
	GlobalSection(ProjectConfigurationPlatforms) = postSolution
		{3408A4A2-CC4F-4580-878D-CFE67BCA5539}.Debug|Any CPU.ActiveCfg = Debug|Any CPU
		{3408A4A2-CC4F-4580-878D-CFE67BCA5539}.Debug|Any CPU.Build.0 = Debug|Any CPU
		{3408A4A2-CC4F-4580-878D-CFE67BCA5539}.Release|Any CPU.ActiveCfg = Release|Any CPU
		{3408A4A2-CC4F-4580-878D-CFE67BCA5539}.Release|Any CPU.Build.0 = Release|Any CPU
	EndGlobalSection
	GlobalSection(SolutionProperties) = preSolution
		HideSolutionNode = FALSE
	EndGlobalSection
	GlobalSection(ExtensibilityGlobals) = postSolution
		SolutionGuid = {DABE9B19-143C-408D-84D6-BA36CA6DDA49}
	EndGlobalSection
EndGlobal
